<?xml version="1.0" encoding="utf-8"?>
<Project ToolsVersion="4.0" xmlns="http://schemas.microsoft.com/developer/msbuild/2003">
  <ItemGroup>
    <ClCompile Include="mian.cpp" />
    <ClCompile Include="GameEngine\Director.cpp">
      <Filter>GameEngine</Filter>
    </ClCompile>
    <ClCompile Include="GameEngine\AppIication.cpp">
      <Filter>GameEngine</Filter>
    </ClCompile>
    <ClCompile Include="GameEngine\Node.cpp">
      <Filter>GameEngine</Filter>
    </ClCompile>
    <ClCompile Include="GameEngine\Scene.cpp">
      <Filter>GameEngine</Filter>
    </ClCompile>
    <ClCompile Include="UserGuideScene.cpp" />
    <ClCompile Include="GameEngine\Label.cpp">
      <Filter>GameEngine</Filter>
    </ClCompile>
    <ClCompile Include="AppDelegate.cpp" />
    <ClCompile Include="GameEngine\Sprite.cpp">
      <Filter>GameEngine</Filter>
    </ClCompile>
  </ItemGroup>
  <ItemGroup>
    <Filter Include="GameEngine">
      <UniqueIdentifier>{9ade11f2-b116-4f4a-8cf9-82a5422b3c3d}</UniqueIdentifier>
    </Filter>
  </ItemGroup>
  <ItemGroup>
    <ClInclude Include="GameEngine\Director.h">
      <Filter>GameEngine</Filter>
    </ClInclude>
    <ClInclude Include="GameEngine_H.h" />
    <ClInclude Include="GameEngine\AppIication.h">
      <Filter>GameEngine</Filter>
    </ClInclude>
    <ClInclude Include="GameEngine\Node.h">
      <Filter>GameEngine</Filter>
    </ClInclude>
    <ClInclude Include="GameEngine\Scene.h">
      <Filter>GameEngine</Filter>
    </ClInclude>
    <ClInclude Include="UserGuideScene.h" />
    <ClInclude Include="AppDelegate.h" />
    <ClInclude Include="GameEngine\Label.h">
      <Filter>GameEngine</Filter>
    </ClInclude>
    <ClInclude Include="GameEngine\Sprite.h">
      <Filter>GameEngine</Filter>
    </ClInclude>
  </ItemGroup>
</Project>